// !$*UTF8*$!
{
	archiveVersion = 1;
	classes = {
	};
	objectVersion = 46;
	objects = {

/* Begin PBXBuildFile section */
		8B3F7F301F332C7E00685441 /* main.m in Sources */ = {isa = PBXBuildFile; fileRef = 8B3F7F2F1F332C7E00685441 /* main.m */; };
		8B3F7F331F332C7E00685441 /* AppDelegate.m in Sources */ = {isa = PBXBuildFile; fileRef = 8B3F7F321F332C7E00685441 /* AppDelegate.m */; };
		8B3F7F361F332C7E00685441 /* ViewController.m in Sources */ = {isa = PBXBuildFile; fileRef = 8B3F7F351F332C7E00685441 /* ViewController.m */; };
		8B3F7F391F332C7E00685441 /* Main.storyboard in Resources */ = {isa = PBXBuildFile; fileRef = 8B3F7F371F332C7E00685441 /* Main.storyboard */; };
		8B3F7F3B1F332C7E00685441 /* Assets.xcassets in Resources */ = {isa = PBXBuildFile; fileRef = 8B3F7F3A1F332C7E00685441 /* Assets.xcassets */; };
		8B3F7F3E1F332C7E00685441 /* LaunchScreen.storyboard in Resources */ = {isa = PBXBuildFile; fileRef = 8B3F7F3C1F332C7E00685441 /* LaunchScreen.storyboard */; };
		8B3F7F711F332D7500685441 /* gezi.png in Resources */ = {isa = PBXBuildFile; fileRef = 8B3F7F461F332D7500685441 /* gezi.png */; };
		8B3F7F721F332D7500685441 /* gezi@2x.png in Resources */ = {isa = PBXBuildFile; fileRef = 8B3F7F471F332D7500685441 /* gezi@2x.png */; };
		8B3F7F731F332D7500685441 /* gezi@3x.png in Resources */ = {isa = PBXBuildFile; fileRef = 8B3F7F481F332D7500685441 /* gezi@3x.png */; };
		8B3F7F741F332D7500685441 /* iPad.png in Resources */ = {isa = PBXBuildFile; fileRef = 8B3F7F491F332D7500685441 /* iPad.png */; };
		8B3F7F751F332D7500685441 /* iPad@2x.png in Resources */ = {isa = PBXBuildFile; fileRef = 8B3F7F4A1F332D7500685441 /* iPad@2x.png */; };
		8B3F7F761F332D7500685441 /* iPad@3x.png in Resources */ = {isa = PBXBuildFile; fileRef = 8B3F7F4B1F332D7500685441 /* iPad@3x.png */; };
		8B3F7F771F332D7500685441 /* iPhone4.png in Resources */ = {isa = PBXBuildFile; fileRef = 8B3F7F4C1F332D7500685441 /* iPhone4.png */; };
		8B3F7F781F332D7500685441 /* iPhone4@2x.png in Resources */ = {isa = PBXBuildFile; fileRef = 8B3F7F4D1F332D7500685441 /* iPhone4@2x.png */; };
		8B3F7F791F332D7500685441 /* iPhone4@3x.png in Resources */ = {isa = PBXBuildFile; fileRef = 8B3F7F4E1F332D7500685441 /* iPhone4@3x.png */; };
		8B3F7F7A1F332D7500685441 /* iPhone5.png in Resources */ = {isa = PBXBuildFile; fileRef = 8B3F7F4F1F332D7500685441 /* iPhone5.png */; };
		8B3F7F7B1F332D7500685441 /* iPhone5@2x.png in Resources */ = {isa = PBXBuildFile; fileRef = 8B3F7F501F332D7500685441 /* iPhone5@2x.png */; };
		8B3F7F7C1F332D7500685441 /* iPhone5@3x.png in Resources */ = {isa = PBXBuildFile; fileRef = 8B3F7F511F332D7500685441 /* iPhone5@3x.png */; };
		8B3F7F7D1F332D7500685441 /* iPhone6.png in Resources */ = {isa = PBXBuildFile; fileRef = 8B3F7F521F332D7500685441 /* iPhone6.png */; };
		8B3F7F7E1F332D7500685441 /* iPhone6@2x.png in Resources */ = {isa = PBXBuildFile; fileRef = 8B3F7F531F332D7500685441 /* iPhone6@2x.png */; };
		8B3F7F7F1F332D7500685441 /* iPhone6@3x.png in Resources */ = {isa = PBXBuildFile; fileRef = 8B3F7F541F332D7500685441 /* iPhone6@3x.png */; };
		8B3F7F801F332D7500685441 /* iPhone6Plus.png in Resources */ = {isa = PBXBuildFile; fileRef = 8B3F7F551F332D7500685441 /* iPhone6Plus.png */; };
		8B3F7F811F332D7500685441 /* iPhone6Plus@2x.png in Resources */ = {isa = PBXBuildFile; fileRef = 8B3F7F561F332D7500685441 /* iPhone6Plus@2x.png */; };
		8B3F7F821F332D7500685441 /* iPhone6Plus@3x.png in Resources */ = {isa = PBXBuildFile; fileRef = 8B3F7F571F332D7500685441 /* iPhone6Plus@3x.png */; };
		8B3F7F831F332D7500685441 /* LaunchScreen.png in Resources */ = {isa = PBXBuildFile; fileRef = 8B3F7F581F332D7500685441 /* LaunchScreen.png */; };
		8B3F7F841F332D7500685441 /* line01.png in Resources */ = {isa = PBXBuildFile; fileRef = 8B3F7F591F332D7500685441 /* line01.png */; };
		8B3F7F851F332D7500685441 /* line01@2x.png in Resources */ = {isa = PBXBuildFile; fileRef = 8B3F7F5A1F332D7500685441 /* line01@2x.png */; };
		8B3F7F861F332D7500685441 /* line01@3x.png in Resources */ = {isa = PBXBuildFile; fileRef = 8B3F7F5B1F332D7500685441 /* line01@3x.png */; };
		8B3F7F871F332D7500685441 /* line02.png in Resources */ = {isa = PBXBuildFile; fileRef = 8B3F7F5C1F332D7500685441 /* line02.png */; };
		8B3F7F881F332D7500685441 /* line02@2x.png in Resources */ = {isa = PBXBuildFile; fileRef = 8B3F7F5D1F332D7500685441 /* line02@2x.png */; };
		8B3F7F891F332D7500685441 /* line02@3x.png in Resources */ = {isa = PBXBuildFile; fileRef = 8B3F7F5E1F332D7500685441 /* line02@3x.png */; };
		8B3F7F8A1F332D7500685441 /* line03.png in Resources */ = {isa = PBXBuildFile; fileRef = 8B3F7F5F1F332D7500685441 /* line03.png */; };
		8B3F7F8B1F332D7500685441 /* line03@2x.png in Resources */ = {isa = PBXBuildFile; fileRef = 8B3F7F601F332D7500685441 /* line03@2x.png */; };
		8B3F7F8C1F332D7500685441 /* line03@3x.png in Resources */ = {isa = PBXBuildFile; fileRef = 8B3F7F611F332D7500685441 /* line03@3x.png */; };
		8B3F7F8D1F332D7500685441 /* line04.png in Resources */ = {isa = PBXBuildFile; fileRef = 8B3F7F621F332D7500685441 /* line04.png */; };
		8B3F7F8E1F332D7500685441 /* line04@2x.png in Resources */ = {isa = PBXBuildFile; fileRef = 8B3F7F631F332D7500685441 /* line04@2x.png */; };
		8B3F7F8F1F332D7500685441 /* line04@3x.png in Resources */ = {isa = PBXBuildFile; fileRef = 8B3F7F641F332D7500685441 /* line04@3x.png */; };
		8B3F7F901F332D7500685441 /* line05.png in Resources */ = {isa = PBXBuildFile; fileRef = 8B3F7F651F332D7500685441 /* line05.png */; };
		8B3F7F911F332D7500685441 /* line05@2x.png in Resources */ = {isa = PBXBuildFile; fileRef = 8B3F7F661F332D7500685441 /* line05@2x.png */; };
		8B3F7F921F332D7500685441 /* line05@3x.png in Resources */ = {isa = PBXBuildFile; fileRef = 8B3F7F671F332D7500685441 /* line05@3x.png */; };
		8B3F7F931F332D7500685441 /* line06.png in Resources */ = {isa = PBXBuildFile; fileRef = 8B3F7F681F332D7500685441 /* line06.png */; };
		8B3F7F941F332D7500685441 /* line06@2x.png in Resources */ = {isa = PBXBuildFile; fileRef = 8B3F7F691F332D7500685441 /* line06@2x.png */; };
		8B3F7F951F332D7500685441 /* line06@3x.png in Resources */ = {isa = PBXBuildFile; fileRef = 8B3F7F6A1F332D7500685441 /* line06@3x.png */; };
		8B3F7F961F332D7500685441 /* wenzi.png in Resources */ = {isa = PBXBuildFile; fileRef = 8B3F7F6B1F332D7500685441 /* wenzi.png */; };
		8B3F7F971F332D7500685441 /* wenzi@2x.png in Resources */ = {isa = PBXBuildFile; fileRef = 8B3F7F6C1F332D7500685441 /* wenzi@2x.png */; };
		8B3F7F981F332D7500685441 /* wenzi@3x.png in Resources */ = {isa = PBXBuildFile; fileRef = 8B3F7F6D1F332D7500685441 /* wenzi@3x.png */; };
		8B3F7F991F332D7500685441 /* zitiwen.png in Resources */ = {isa = PBXBuildFile; fileRef = 8B3F7F6E1F332D7500685441 /* zitiwen.png */; };
		8B3F7F9A1F332D7500685441 /* zitiwen@2x.png in Resources */ = {isa = PBXBuildFile; fileRef = 8B3F7F6F1F332D7500685441 /* zitiwen@2x.png */; };
		8B3F7F9B1F332D7500685441 /* zitiwen@3x.png in Resources */ = {isa = PBXBuildFile; fileRef = 8B3F7F701F332D7500685441 /* zitiwen@3x.png */; };
		AABF0B72819B48ADE9F71AE7 /* libPods-G4Image.a in Frameworks */ = {isa = PBXBuildFile; fileRef = 7209658D91EDA7A398412AE1 /* libPods-G4Image.a */; };
/* End PBXBuildFile section */

/* Begin PBXFileReference section */
		02689ACB96C59B1CA210629F /* Pods-G4Image.debug.xcconfig */ = {isa = PBXFileReference; includeInIndex = 1; lastKnownFileType = text.xcconfig; name = "Pods-G4Image.debug.xcconfig"; path = "Pods/Target Support Files/Pods-G4Image/Pods-G4Image.debug.xcconfig"; sourceTree = "<group>"; };
		7209658D91EDA7A398412AE1 /* libPods-G4Image.a */ = {isa = PBXFileReference; explicitFileType = archive.ar; includeInIndex = 0; path = "libPods-G4Image.a"; sourceTree = BUILT_PRODUCTS_DIR; };
		8B3F7F2B1F332C7E00685441 /* G4Image.app */ = {isa = PBXFileReference; explicitFileType = wrapper.application; includeInIndex = 0; path = G4Image.app; sourceTree = BUILT_PRODUCTS_DIR; };
		8B3F7F2F1F332C7E00685441 /* main.m */ = {isa = PBXFileReference; lastKnownFileType = sourcecode.c.objc; path = main.m; sourceTree = "<group>"; };
		8B3F7F311F332C7E00685441 /* AppDelegate.h */ = {isa = PBXFileReference; lastKnownFileType = sourcecode.c.h; path = AppDelegate.h; sourceTree = "<group>"; };
		8B3F7F321F332C7E00685441 /* AppDelegate.m */ = {isa = PBXFileReference; lastKnownFileType = sourcecode.c.objc; path = AppDelegate.m; sourceTree = "<group>"; };
		8B3F7F341F332C7E00685441 /* ViewController.h */ = {isa = PBXFileReference; lastKnownFileType = sourcecode.c.h; path = ViewController.h; sourceTree = "<group>"; };
		8B3F7F351F332C7E00685441 /* ViewController.m */ = {isa = PBXFileReference; lastKnownFileType = sourcecode.c.objc; path = ViewController.m; sourceTree = "<group>"; };
		8B3F7F381F332C7E00685441 /* Base */ = {isa = PBXFileReference; lastKnownFileType = file.storyboard; name = Base; path = Base.lproj/Main.storyboard; sourceTree = "<group>"; };
		8B3F7F3A1F332C7E00685441 /* Assets.xcassets */ = {isa = PBXFileReference; lastKnownFileType = folder.assetcatalog; path = Assets.xcassets; sourceTree = "<group>"; };
		8B3F7F3D1F332C7E00685441 /* Base */ = {isa = PBXFileReference; lastKnownFileType = file.storyboard; name = Base; path = Base.lproj/LaunchScreen.storyboard; sourceTree = "<group>"; };
		8B3F7F3F1F332C7E00685441 /* Info.plist */ = {isa = PBXFileReference; lastKnownFileType = text.plist.xml; path = Info.plist; sourceTree = "<group>"; };
		8B3F7F461F332D7500685441 /* gezi.png */ = {isa = PBXFileReference; lastKnownFileType = image.png; path = gezi.png; sourceTree = "<group>"; };
		8B3F7F471F332D7500685441 /* gezi@2x.png */ = {isa = PBXFileReference; lastKnownFileType = image.png; path = "gezi@2x.png"; sourceTree = "<group>"; };
		8B3F7F481F332D7500685441 /* gezi@3x.png */ = {isa = PBXFileReference; lastKnownFileType = image.png; path = "gezi@3x.png"; sourceTree = "<group>"; };
		8B3F7F491F332D7500685441 /* iPad.png */ = {isa = PBXFileReference; lastKnownFileType = image.png; path = iPad.png; sourceTree = "<group>"; };
		8B3F7F4A1F332D7500685441 /* iPad@2x.png */ = {isa = PBXFileReference; lastKnownFileType = image.png; path = "iPad@2x.png"; sourceTree = "<group>"; };
		8B3F7F4B1F332D7500685441 /* iPad@3x.png */ = {isa = PBXFileReference; lastKnownFileType = image.png; path = "iPad@3x.png"; sourceTree = "<group>"; };
		8B3F7F4C1F332D7500685441 /* iPhone4.png */ = {isa = PBXFileReference; lastKnownFileType = image.png; path = iPhone4.png; sourceTree = "<group>"; };
		8B3F7F4D1F332D7500685441 /* iPhone4@2x.png */ = {isa = PBXFileReference; lastKnownFileType = image.png; path = "iPhone4@2x.png"; sourceTree = "<group>"; };
		8B3F7F4E1F332D7500685441 /* iPhone4@3x.png */ = {isa = PBXFileReference; lastKnownFileType = image.png; path = "iPhone4@3x.png"; sourceTree = "<group>"; };
		8B3F7F4F1F332D7500685441 /* iPhone5.png */ = {isa = PBXFileReference; lastKnownFileType = image.png; path = iPhone5.png; sourceTree = "<group>"; };
		8B3F7F501F332D7500685441 /* iPhone5@2x.png */ = {isa = PBXFileReference; lastKnownFileType = image.png; path = "iPhone5@2x.png"; sourceTree = "<group>"; };
		8B3F7F511F332D7500685441 /* iPhone5@3x.png */ = {isa = PBXFileReference; lastKnownFileType = image.png; path = "iPhone5@3x.png"; sourceTree = "<group>"; };
		8B3F7F521F332D7500685441 /* iPhone6.png */ = {isa = PBXFileReference; lastKnownFileType = image.png; path = iPhone6.png; sourceTree = "<group>"; };
		8B3F7F531F332D7500685441 /* iPhone6@2x.png */ = {isa = PBXFileReference; lastKnownFileType = image.png; path = "iPhone6@2x.png"; sourceTree = "<group>"; };
		8B3F7F541F332D7500685441 /* iPhone6@3x.png */ = {isa = PBXFileReference; lastKnownFileType = image.png; path = "iPhone6@3x.png"; sourceTree = "<group>"; };
		8B3F7F551F332D7500685441 /* iPhone6Plus.png */ = {isa = PBXFileReference; lastKnownFileType = image.png; path = iPhone6Plus.png; sourceTree = "<group>"; };
		8B3F7F561F332D7500685441 /* iPhone6Plus@2x.png */ = {isa = PBXFileReference; lastKnownFileType = image.png; path = "iPhone6Plus@2x.png"; sourceTree = "<group>"; };
		8B3F7F571F332D7500685441 /* iPhone6Plus@3x.png */ = {isa = PBXFileReference; lastKnownFileType = image.png; path = "iPhone6Plus@3x.png"; sourceTree = "<group>"; };
		8B3F7F581F332D7500685441 /* LaunchScreen.png */ = {isa = PBXFileReference; lastKnownFileType = image.png; path = LaunchScreen.png; sourceTree = "<group>"; };
		8B3F7F591F332D7500685441 /* line01.png */ = {isa = PBXFileReference; lastKnownFileType = image.png; path = line01.png; sourceTree = "<group>"; };
		8B3F7F5A1F332D7500685441 /* line01@2x.png */ = {isa = PBXFileReference; lastKnownFileType = image.png; path = "line01@2x.png"; sourceTree = "<group>"; };
		8B3F7F5B1F332D7500685441 /* line01@3x.png */ = {isa = PBXFileReference; lastKnownFileType = image.png; path = "line01@3x.png"; sourceTree = "<group>"; };
		8B3F7F5C1F332D7500685441 /* line02.png */ = {isa = PBXFileReference; lastKnownFileType = image.png; path = line02.png; sourceTree = "<group>"; };
		8B3F7F5D1F332D7500685441 /* line02@2x.png */ = {isa = PBXFileReference; lastKnownFileType = image.png; path = "line02@2x.png"; sourceTree = "<group>"; };
		8B3F7F5E1F332D7500685441 /* line02@3x.png */ = {isa = PBXFileReference; lastKnownFileType = image.png; path = "line02@3x.png"; sourceTree = "<group>"; };
		8B3F7F5F1F332D7500685441 /* line03.png */ = {isa = PBXFileReference; lastKnownFileType = image.png; path = line03.png; sourceTree = "<group>"; };
		8B3F7F601F332D7500685441 /* line03@2x.png */ = {isa = PBXFileReference; lastKnownFileType = image.png; path = "line03@2x.png"; sourceTree = "<group>"; };
		8B3F7F611F332D7500685441 /* line03@3x.png */ = {isa = PBXFileReference; lastKnownFileType = image.png; path = "line03@3x.png"; sourceTree = "<group>"; };
		8B3F7F621F332D7500685441 /* line04.png */ = {isa = PBXFileReference; lastKnownFileType = image.png; path = line04.png; sourceTree = "<group>"; };
		8B3F7F631F332D7500685441 /* line04@2x.png */ = {isa = PBXFileReference; lastKnownFileType = image.png; path = "line04@2x.png"; sourceTree = "<group>"; };
		8B3F7F641F332D7500685441 /* line04@3x.png */ = {isa = PBXFileReference; lastKnownFileType = image.png; path = "line04@3x.png"; sourceTree = "<group>"; };
		8B3F7F651F332D7500685441 /* line05.png */ = {isa = PBXFileReference; lastKnownFileType = image.png; path = line05.png; sourceTree = "<group>"; };
		8B3F7F661F332D7500685441 /* line05@2x.png */ = {isa = PBXFileReference; lastKnownFileType = image.png; path = "line05@2x.png"; sourceTree = "<group>"; };
		8B3F7F671F332D7500685441 /* line05@3x.png */ = {isa = PBXFileReference; lastKnownFileType = image.png; path = "line05@3x.png"; sourceTree = "<group>"; };
		8B3F7F681F332D7500685441 /* line06.png */ = {isa = PBXFileReference; lastKnownFileType = image.png; path = line06.png; sourceTree = "<group>"; };
		8B3F7F691F332D7500685441 /* line06@2x.png */ = {isa = PBXFileReference; lastKnownFileType = image.png; path = "line06@2x.png"; sourceTree = "<group>"; };
		8B3F7F6A1F332D7500685441 /* line06@3x.png */ = {isa = PBXFileReference; lastKnownFileType = image.png; path = "line06@3x.png"; sourceTree = "<group>"; };
		8B3F7F6B1F332D7500685441 /* wenzi.png */ = {isa = PBXFileReference; lastKnownFileType = image.png; path = wenzi.png; sourceTree = "<group>"; };
		8B3F7F6C1F332D7500685441 /* wenzi@2x.png */ = {isa = PBXFileReference; lastKnownFileType = image.png; path = "wenzi@2x.png"; sourceTree = "<group>"; };
		8B3F7F6D1F332D7500685441 /* wenzi@3x.png */ = {isa = PBXFileReference; lastKnownFileType = image.png; path = "wenzi@3x.png"; sourceTree = "<group>"; };
		8B3F7F6E1F332D7500685441 /* zitiwen.png */ = {isa = PBXFileReference; lastKnownFileType = image.png; path = zitiwen.png; sourceTree = "<group>"; };
		8B3F7F6F1F332D7500685441 /* zitiwen@2x.png */ = {isa = PBXFileReference; lastKnownFileType = image.png; path = "zitiwen@2x.png"; sourceTree = "<group>"; };
		8B3F7F701F332D7500685441 /* zitiwen@3x.png */ = {isa = PBXFileReference; lastKnownFileType = image.png; path = "zitiwen@3x.png"; sourceTree = "<group>"; };
		8B6D0AC11F334E1100271E91 /* readMe.h */ = {isa = PBXFileReference; fileEncoding = 4; lastKnownFileType = sourcecode.c.h; path = readMe.h; sourceTree = "<group>"; };
		8B6D0AC21F334E4100271E91 /* G4Image.pch */ = {isa = PBXFileReference; lastKnownFileType = sourcecode.c.h; path = G4Image.pch; sourceTree = "<group>"; };
		A777A54EB86D4547454E0FFE /* Pods-G4Image.release.xcconfig */ = {isa = PBXFileReference; includeInIndex = 1; lastKnownFileType = text.xcconfig; name = "Pods-G4Image.release.xcconfig"; path = "Pods/Target Support Files/Pods-G4Image/Pods-G4Image.release.xcconfig"; sourceTree = "<group>"; };
/* End PBXFileReference section */

/* Begin PBXFrameworksBuildPhase section */
		8B3F7F281F332C7E00685441 /* Frameworks */ = {
			isa = PBXFrameworksBuildPhase;
			buildActionMask = 2147483647;
			files = (
				AABF0B72819B48ADE9F71AE7 /* libPods-G4Image.a in Frameworks */,
			);
			runOnlyForDeploymentPostprocessing = 0;
		};
/* End PBXFrameworksBuildPhase section */

/* Begin PBXGroup section */
		3DFF9E427B1DF40DFF9EAEC4 /* Frameworks */ = {
			isa = PBXGroup;
			children = (
				7209658D91EDA7A398412AE1 /* libPods-G4Image.a */,
			);
			name = Frameworks;
			sourceTree = "<group>";
		};
		8B3F7F221F332C7E00685441 = {
			isa = PBXGroup;
			children = (
				8B3F7F2D1F332C7E00685441 /* G4Image */,
				8B3F7F2C1F332C7E00685441 /* Products */,
				F7B829C4E645BF294AE1F34C /* Pods */,
				3DFF9E427B1DF40DFF9EAEC4 /* Frameworks */,
			);
			sourceTree = "<group>";
		};
		8B3F7F2C1F332C7E00685441 /* Products */ = {
			isa = PBXGroup;
			children = (
				8B3F7F2B1F332C7E00685441 /* G4Image.app */,
			);
			name = Products;
			sourceTree = "<group>";
		};
		8B3F7F2D1F332C7E00685441 /* G4Image */ = {
			isa = PBXGroup;
			children = (
				8B6D0AC11F334E1100271E91 /* readMe.h */,
				8B6D0ABF1F334DEF00271E91 /* Classes */,
				8B6D0AC01F334DF200271E91 /* System */,
				8B3F7F2E1F332C7E00685441 /* Supporting Files */,
			);
			path = G4Image;
			sourceTree = "<group>";
		};
		8B3F7F2E1F332C7E00685441 /* Supporting Files */ = {
			isa = PBXGroup;
			children = (
				8B3F7F451F332D7500685441 /* welcome */,
				8B3F7F2F1F332C7E00685441 /* main.m */,
			);
			name = "Supporting Files";
			sourceTree = "<group>";
		};
		8B3F7F451F332D7500685441 /* welcome */ = {
			isa = PBXGroup;
			children = (
				8B3F7F461F332D7500685441 /* gezi.png */,
				8B3F7F471F332D7500685441 /* gezi@2x.png */,
				8B3F7F481F332D7500685441 /* gezi@3x.png */,
				8B3F7F491F332D7500685441 /* iPad.png */,
				8B3F7F4A1F332D7500685441 /* iPad@2x.png */,
				8B3F7F4B1F332D7500685441 /* iPad@3x.png */,
				8B3F7F4C1F332D7500685441 /* iPhone4.png */,
				8B3F7F4D1F332D7500685441 /* iPhone4@2x.png */,
				8B3F7F4E1F332D7500685441 /* iPhone4@3x.png */,
				8B3F7F4F1F332D7500685441 /* iPhone5.png */,
				8B3F7F501F332D7500685441 /* iPhone5@2x.png */,
				8B3F7F511F332D7500685441 /* iPhone5@3x.png */,
				8B3F7F521F332D7500685441 /* iPhone6.png */,
				8B3F7F531F332D7500685441 /* iPhone6@2x.png */,
				8B3F7F541F332D7500685441 /* iPhone6@3x.png */,
				8B3F7F551F332D7500685441 /* iPhone6Plus.png */,
				8B3F7F561F332D7500685441 /* iPhone6Plus@2x.png */,
				8B3F7F571F332D7500685441 /* iPhone6Plus@3x.png */,
				8B3F7F581F332D7500685441 /* LaunchScreen.png */,
				8B3F7F591F332D7500685441 /* line01.png */,
				8B3F7F5A1F332D7500685441 /* line01@2x.png */,
				8B3F7F5B1F332D7500685441 /* line01@3x.png */,
				8B3F7F5C1F332D7500685441 /* line02.png */,
				8B3F7F5D1F332D7500685441 /* line02@2x.png */,
				8B3F7F5E1F332D7500685441 /* line02@3x.png */,
				8B3F7F5F1F332D7500685441 /* line03.png */,
				8B3F7F601F332D7500685441 /* line03@2x.png */,
				8B3F7F611F332D7500685441 /* line03@3x.png */,
				8B3F7F621F332D7500685441 /* line04.png */,
				8B3F7F631F332D7500685441 /* line04@2x.png */,
				8B3F7F641F332D7500685441 /* line04@3x.png */,
				8B3F7F651F332D7500685441 /* line05.png */,
				8B3F7F661F332D7500685441 /* line05@2x.png */,
				8B3F7F671F332D7500685441 /* line05@3x.png */,
				8B3F7F681F332D7500685441 /* line06.png */,
				8B3F7F691F332D7500685441 /* line06@2x.png */,
				8B3F7F6A1F332D7500685441 /* line06@3x.png */,
				8B3F7F6B1F332D7500685441 /* wenzi.png */,
				8B3F7F6C1F332D7500685441 /* wenzi@2x.png */,
				8B3F7F6D1F332D7500685441 /* wenzi@3x.png */,
				8B3F7F6E1F332D7500685441 /* zitiwen.png */,
				8B3F7F6F1F332D7500685441 /* zitiwen@2x.png */,
				8B3F7F701F332D7500685441 /* zitiwen@3x.png */,
			);
			path = welcome;
			sourceTree = "<group>";
		};
		8B6D0ABF1F334DEF00271E91 /* Classes */ = {
			isa = PBXGroup;
			children = (
			);
			path = Classes;
			sourceTree = "<group>";
		};
		8B6D0AC01F334DF200271E91 /* System */ = {
			isa = PBXGroup;
			children = (
				8B6D0AC21F334E4100271E91 /* G4Image.pch */,
				8B3F7F311F332C7E00685441 /* AppDelegate.h */,
				8B3F7F321F332C7E00685441 /* AppDelegate.m */,
				8B3F7F341F332C7E00685441 /* ViewController.h */,
				8B3F7F351F332C7E00685441 /* ViewController.m */,
				8B3F7F371F332C7E00685441 /* Main.storyboard */,
				8B3F7F3A1F332C7E00685441 /* Assets.xcassets */,
				8B3F7F3C1F332C7E00685441 /* LaunchScreen.storyboard */,
				8B3F7F3F1F332C7E00685441 /* Info.plist */,
			);
			name = System;
			sourceTree = "<group>";
		};
		F7B829C4E645BF294AE1F34C /* Pods */ = {
			isa = PBXGroup;
			children = (
				02689ACB96C59B1CA210629F /* Pods-G4Image.debug.xcconfig */,
				A777A54EB86D4547454E0FFE /* Pods-G4Image.release.xcconfig */,
			);
			name = Pods;
			sourceTree = "<group>";
		};
/* End PBXGroup section */

/* Begin PBXNativeTarget section */
		8B3F7F2A1F332C7E00685441 /* G4Image */ = {
			isa = PBXNativeTarget;
			buildConfigurationList = 8B3F7F421F332C7E00685441 /* Build configuration list for PBXNativeTarget "G4Image" */;
			buildPhases = (
				D678B14619FA74AFD7EB306E /* [CP] Check Pods Manifest.lock */,
				8B3F7F271F332C7E00685441 /* Sources */,
				8B3F7F281F332C7E00685441 /* Frameworks */,
				8B3F7F291F332C7E00685441 /* Resources */,
				F7C462B460CD73E952ECA1A2 /* [CP] Embed Pods Frameworks */,
				38AE61E3956C6750D34ADE86 /* [CP] Copy Pods Resources */,
			);
			buildRules = (
			);
			dependencies = (
			);
			name = G4Image;
			productName = G4Image;
			productReference = 8B3F7F2B1F332C7E00685441 /* G4Image.app */;
			productType = "com.apple.product-type.application";
		};
/* End PBXNativeTarget section */

/* Begin PBXProject section */
		8B3F7F231F332C7E00685441 /* Project object */ = {
			isa = PBXProject;
			attributes = {
				CLASSPREFIX = SH;
				LastUpgradeCheck = 0830;
				ORGANIZATIONNAME = SmartHome;
				TargetAttributes = {
					8B3F7F2A1F332C7E00685441 = {
						CreatedOnToolsVersion = 8.3.3;
						DevelopmentTeam = SC36A8Q9D5;
						ProvisioningStyle = Automatic;
					};
				};
			};
			buildConfigurationList = 8B3F7F261F332C7E00685441 /* Build configuration list for PBXProject "G4Image" */;
			compatibilityVersion = "Xcode 3.2";
			developmentRegion = English;
			hasScannedForEncodings = 0;
			knownRegions = (
				en,
				Base,
			);
			mainGroup = 8B3F7F221F332C7E00685441;
			productRefGroup = 8B3F7F2C1F332C7E00685441 /* Products */;
			projectDirPath = "";
			projectRoot = "";
			targets = (
				8B3F7F2A1F332C7E00685441 /* G4Image */,
			);
		};
/* End PBXProject section */

/* Begin PBXResourcesBuildPhase section */
		8B3F7F291F332C7E00685441 /* Resources */ = {
			isa = PBXResourcesBuildPhase;
			buildActionMask = 2147483647;
			files = (
				8B3F7F811F332D7500685441 /* iPhone6Plus@2x.png in Resources */,
				8B3F7F8B1F332D7500685441 /* line03@2x.png in Resources */,
				8B3F7F891F332D7500685441 /* line02@3x.png in Resources */,
				8B3F7F741F332D7500685441 /* iPad.png in Resources */,
				8B3F7F831F332D7500685441 /* LaunchScreen.png in Resources */,
				8B3F7F9A1F332D7500685441 /* zitiwen@2x.png in Resources */,
				8B3F7F3E1F332C7E00685441 /* LaunchScreen.storyboard in Resources */,
				8B3F7F821F332D7500685441 /* iPhone6Plus@3x.png in Resources */,
				8B3F7F7E1F332D7500685441 /* iPhone6@2x.png in Resources */,
				8B3F7F7F1F332D7500685441 /* iPhone6@3x.png in Resources */,
				8B3F7F9B1F332D7500685441 /* zitiwen@3x.png in Resources */,
				8B3F7F951F332D7500685441 /* line06@3x.png in Resources */,
				8B3F7F8D1F332D7500685441 /* line04.png in Resources */,
				8B3F7F901F332D7500685441 /* line05.png in Resources */,
				8B3F7F3B1F332C7E00685441 /* Assets.xcassets in Resources */,
				8B3F7F8F1F332D7500685441 /* line04@3x.png in Resources */,
				8B3F7F961F332D7500685441 /* wenzi.png in Resources */,
				8B3F7F7B1F332D7500685441 /* iPhone5@2x.png in Resources */,
				8B3F7F721F332D7500685441 /* gezi@2x.png in Resources */,
				8B3F7F911F332D7500685441 /* line05@2x.png in Resources */,
				8B3F7F761F332D7500685441 /* iPad@3x.png in Resources */,
				8B3F7F871F332D7500685441 /* line02.png in Resources */,
				8B3F7F851F332D7500685441 /* line01@2x.png in Resources */,
				8B3F7F881F332D7500685441 /* line02@2x.png in Resources */,
				8B3F7F801F332D7500685441 /* iPhone6Plus.png in Resources */,
				8B3F7F841F332D7500685441 /* line01.png in Resources */,
				8B3F7F771F332D7500685441 /* iPhone4.png in Resources */,
				8B3F7F8A1F332D7500685441 /* line03.png in Resources */,
				8B3F7F7D1F332D7500685441 /* iPhone6.png in Resources */,
				8B3F7F7A1F332D7500685441 /* iPhone5.png in Resources */,
				8B3F7F941F332D7500685441 /* line06@2x.png in Resources */,
				8B3F7F8C1F332D7500685441 /* line03@3x.png in Resources */,
				8B3F7F711F332D7500685441 /* gezi.png in Resources */,
				8B3F7F731F332D7500685441 /* gezi@3x.png in Resources */,
				8B3F7F991F332D7500685441 /* zitiwen.png in Resources */,
				8B3F7F751F332D7500685441 /* iPad@2x.png in Resources */,
				8B3F7F981F332D7500685441 /* wenzi@3x.png in Resources */,
				8B3F7F391F332C7E00685441 /* Main.storyboard in Resources */,
				8B3F7F931F332D7500685441 /* line06.png in Resources */,
				8B3F7F781F332D7500685441 /* iPhone4@2x.png in Resources */,
				8B3F7F861F332D7500685441 /* line01@3x.png in Resources */,
				8B3F7F921F332D7500685441 /* line05@3x.png in Resources */,
				8B3F7F8E1F332D7500685441 /* line04@2x.png in Resources */,
				8B3F7F7C1F332D7500685441 /* iPhone5@3x.png in Resources */,
				8B3F7F971F332D7500685441 /* wenzi@2x.png in Resources */,
				8B3F7F791F332D7500685441 /* iPhone4@3x.png in Resources */,
			);
			runOnlyForDeploymentPostprocessing = 0;
		};
/* End PBXResourcesBuildPhase section */

/* Begin PBXShellScriptBuildPhase section */
		38AE61E3956C6750D34ADE86 /* [CP] Copy Pods Resources */ = {
			isa = PBXShellScriptBuildPhase;
			buildActionMask = 2147483647;
			files = (
			);
			inputPaths = (
			);
			name = "[CP] Copy Pods Resources";
			outputPaths = (
			);
			runOnlyForDeploymentPostprocessing = 0;
			shellPath = /bin/sh;
			shellScript = "\"${SRCROOT}/Pods/Target Support Files/Pods-G4Image/Pods-G4Image-resources.sh\"\n";
			showEnvVarsInLog = 0;
		};
		D678B14619FA74AFD7EB306E /* [CP] Check Pods Manifest.lock */ = {
			isa = PBXShellScriptBuildPhase;
			buildActionMask = 2147483647;
			files = (
			);
			inputPaths = (
			);
			name = "[CP] Check Pods Manifest.lock";
			outputPaths = (
			);
			runOnlyForDeploymentPostprocessing = 0;
			shellPath = /bin/sh;
			shellScript = "diff \"${PODS_ROOT}/../Podfile.lock\" \"${PODS_ROOT}/Manifest.lock\" > /dev/null\nif [ $? != 0 ] ; then\n    # print error to STDERR\n    echo \"error: The sandbox is not in sync with the Podfile.lock. Run 'pod install' or update your CocoaPods installation.\" >&2\n    exit 1\nfi\n";
			showEnvVarsInLog = 0;
		};
		F7C462B460CD73E952ECA1A2 /* [CP] Embed Pods Frameworks */ = {
			isa = PBXShellScriptBuildPhase;
			buildActionMask = 2147483647;
			files = (
			);
			inputPaths = (
			);
			name = "[CP] Embed Pods Frameworks";
			outputPaths = (
			);
			runOnlyForDeploymentPostprocessing = 0;
			shellPath = /bin/sh;
			shellScript = "\"${SRCROOT}/Pods/Target Support Files/Pods-G4Image/Pods-G4Image-frameworks.sh\"\n";
			showEnvVarsInLog = 0;
		};
/* End PBXShellScriptBuildPhase section */

/* Begin PBXSourcesBuildPhase section */
		8B3F7F271F332C7E00685441 /* Sources */ = {
			isa = PBXSourcesBuildPhase;
			buildActionMask = 2147483647;
			files = (
				8B3F7F361F332C7E00685441 /* ViewController.m in Sources */,
				8B3F7F331F332C7E00685441 /* AppDelegate.m in Sources */,
				8B3F7F301F332C7E00685441 /* main.m in Sources */,
			);
			runOnlyForDeploymentPostprocessing = 0;
		};
/* End PBXSourcesBuildPhase section */

/* Begin PBXVariantGroup section */
		8B3F7F371F332C7E00685441 /* Main.storyboard */ = {
			isa = PBXVariantGroup;
			children = (
				8B3F7F381F332C7E00685441 /* Base */,
			);
			name = Main.storyboard;
			sourceTree = "<group>";
		};
		8B3F7F3C1F332C7E00685441 /* LaunchScreen.storyboard */ = {
			isa = PBXVariantGroup;
			children = (
				8B3F7F3D1F332C7E00685441 /* Base */,
			);
			name = LaunchScreen.storyboard;
			sourceTree = "<group>";
		};
/* End PBXVariantGroup section */

/* Begin XCBuildConfiguration section */
		8B3F7F401F332C7E00685441 /* Debug */ = {
			isa = XCBuildConfiguration;
			buildSettings = {
				ALWAYS_SEARCH_USER_PATHS = NO;
				CLANG_ANALYZER_NONNULL = YES;
				CLANG_ANALYZER_NUMBER_OBJECT_CONVERSION = YES_AGGRESSIVE;
				CLANG_CXX_LANGUAGE_STANDARD = "gnu++0x";
				CLANG_CXX_LIBRARY = "libc++";
				CLANG_ENABLE_MODULES = YES;
				CLANG_ENABLE_OBJC_ARC = YES;
				CLANG_WARN_BOOL_CONVERSION = YES;
				CLANG_WARN_CONSTANT_CONVERSION = YES;
				CLANG_WARN_DIRECT_OBJC_ISA_USAGE = YES_ERROR;
				CLANG_WARN_DOCUMENTATION_COMMENTS = YES;
				CLANG_WARN_EMPTY_BODY = YES;
				CLANG_WARN_ENUM_CONVERSION = YES;
				CLANG_WARN_INFINITE_RECURSION = YES;
				CLANG_WARN_INT_CONVERSION = YES;
				CLANG_WARN_OBJC_ROOT_CLASS = YES_ERROR;
				CLANG_WARN_SUSPICIOUS_MOVE = YES;
				CLANG_WARN_UNREACHABLE_CODE = YES;
				CLANG_WARN__DUPLICATE_METHOD_MATCH = YES;
				"CODE_SIGN_IDENTITY[sdk=iphoneos*]" = "iPhone Developer";
				COPY_PHASE_STRIP = NO;
				DEBUG_INFORMATION_FORMAT = dwarf;
				ENABLE_STRICT_OBJC_MSGSEND = YES;
				ENABLE_TESTABILITY = YES;
				GCC_C_LANGUAGE_STANDARD = gnu99;
				GCC_DYNAMIC_NO_PIC = NO;
				GCC_NO_COMMON_BLOCKS = YES;
				GCC_OPTIMIZATION_LEVEL = 0;
				GCC_PREPROCESSOR_DEFINITIONS = (
					"DEBUG=1",
					"$(inherited)",
				);
				GCC_WARN_64_TO_32_BIT_CONVERSION = YES;
				GCC_WARN_ABOUT_RETURN_TYPE = YES_ERROR;
				GCC_WARN_UNDECLARED_SELECTOR = YES;
				GCC_WARN_UNINITIALIZED_AUTOS = YES_AGGRESSIVE;
				GCC_WARN_UNUSED_FUNCTION = YES;
				GCC_WARN_UNUSED_VARIABLE = YES;
				IPHONEOS_DEPLOYMENT_TARGET = 10.3;
				MTL_ENABLE_DEBUG_INFO = YES;
				ONLY_ACTIVE_ARCH = YES;
				SDKROOT = iphoneos;
				TARGETED_DEVICE_FAMILY = "1,2";
			};
			name = Debug;
		};
		8B3F7F411F332C7E00685441 /* Release */ = {
			isa = XCBuildConfiguration;
			buildSettings = {
				ALWAYS_SEARCH_USER_PATHS = NO;
				CLANG_ANALYZER_NONNULL = YES;
				CLANG_ANALYZER_NUMBER_OBJECT_CONVERSION = YES_AGGRESSIVE;
				CLANG_CXX_LANGUAGE_STANDARD = "gnu++0x";
				CLANG_CXX_LIBRARY = "libc++";
				CLANG_ENABLE_MODULES = YES;
				CLANG_ENABLE_OBJC_ARC = YES;
				CLANG_WARN_BOOL_CONVERSION = YES;
				CLANG_WARN_CONSTANT_CONVERSION = YES;
				CLANG_WARN_DIRECT_OBJC_ISA_USAGE = YES_ERROR;
				CLANG_WARN_DOCUMENTATION_COMMENTS = YES;
				CLANG_WARN_EMPTY_BODY = YES;
				CLANG_WARN_ENUM_CONVERSION = YES;
				CLANG_WARN_INFINITE_RECURSION = YES;
				CLANG_WARN_INT_CONVERSION = YES;
				CLANG_WARN_OBJC_ROOT_CLASS = YES_ERROR;
				CLANG_WARN_SUSPICIOUS_MOVE = YES;
				CLANG_WARN_UNREACHABLE_CODE = YES;
				CLANG_WARN__DUPLICATE_METHOD_MATCH = YES;
				"CODE_SIGN_IDENTITY[sdk=iphoneos*]" = "iPhone Developer";
				COPY_PHASE_STRIP = NO;
				DEBUG_INFORMATION_FORMAT = "dwarf-with-dsym";
				ENABLE_NS_ASSERTIONS = NO;
				ENABLE_STRICT_OBJC_MSGSEND = YES;
				GCC_C_LANGUAGE_STANDARD = gnu99;
				GCC_NO_COMMON_BLOCKS = YES;
				GCC_WARN_64_TO_32_BIT_CONVERSION = YES;
				GCC_WARN_ABOUT_RETURN_TYPE = YES_ERROR;
				GCC_WARN_UNDECLARED_SELECTOR = YES;
				GCC_WARN_UNINITIALIZED_AUTOS = YES_AGGRESSIVE;
				GCC_WARN_UNUSED_FUNCTION = YES;
				GCC_WARN_UNUSED_VARIABLE = YES;
				IPHONEOS_DEPLOYMENT_TARGET = 10.3;
				MTL_ENABLE_DEBUG_INFO = NO;
				SDKROOT = iphoneos;
				TARGETED_DEVICE_FAMILY = "1,2";
				VALIDATE_PRODUCT = YES;
			};
			name = Release;
		};
		8B3F7F431F332C7E00685441 /* Debug */ = {
			isa = XCBuildConfiguration;
			baseConfigurationReference = 02689ACB96C59B1CA210629F /* Pods-G4Image.debug.xcconfig */;
			buildSettings = {
				ASSETCATALOG_COMPILER_APPICON_NAME = AppIcon;
				DEVELOPMENT_TEAM = SC36A8Q9D5;
				GCC_PREFIX_HEADER = "$(SRCROOT)/G4Image/G4Image.pch";
				INFOPLIST_FILE = G4Image/Info.plist;
				IPHONEOS_DEPLOYMENT_TARGET = 8.0;
				LD_RUNPATH_SEARCH_PATHS = "$(inherited) @executable_path/Frameworks";
				PRODUCT_BUNDLE_IDENTIFIER = Mark.G4Image;
				PRODUCT_NAME = "$(TARGET_NAME)";
			};
			name = Debug;
		};
		8B3F7F441F332C7E00685441 /* Release */ = {
			isa = XCBuildConfiguration;
			baseConfigurationReference = A777A54EB86D4547454E0FFE /* Pods-G4Image.release.xcconfig */;
			buildSettings = {
				ASSETCATALOG_COMPILER_APPICON_NAME = AppIcon;
				DEVELOPMENT_TEAM = SC36A8Q9D5;
				GCC_PREFIX_HEADER = "$(SRCROOT)/G4Image/G4Image.pch";
				INFOPLIST_FILE = G4Image/Info.plist;
				IPHONEOS_DEPLOYMENT_TARGET = 8.0;
				LD_RUNPATH_SEARCH_PATHS = "$(inherited) @executable_path/Frameworks";
				PRODUCT_BUNDLE_IDENTIFIER = Mark.G4Image;
				PRODUCT_NAME = "$(TARGET_NAME)";
			};
			name = Release;
		};
/* End XCBuildConfiguration section */

/* Begin XCConfigurationList section */
		8B3F7F261F332C7E00685441 /* Build configuration list for PBXProject "G4Image" */ = {
			isa = XCConfigurationList;
			buildConfigurations = (
				8B3F7F401F332C7E00685441 /* Debug */,
				8B3F7F411F332C7E00685441 /* Release */,
			);
			defaultConfigurationIsVisible = 0;
			defaultConfigurationName = Release;
		};
		8B3F7F421F332C7E00685441 /* Build configuration list for PBXNativeTarget "G4Image" */ = {
			isa = XCConfigurationList;
			buildConfigurations = (
				8B3F7F431F332C7E00685441 /* Debug */,
				8B3F7F441F332C7E00685441 /* Release */,
			);
			defaultConfigurationIsVisible = 0;
			defaultConfigurationName = Release;
		};
/* End XCConfigurationList section */
	};
	rootObject = 8B3F7F231F332C7E00685441 /* Project object */;
}
